{
  "pins" : [
    {
      "identity" : "abseil-cpp",
      "kind" : "remoteSourceControl",
      "location" : "git@github.corp.ebay.com:ebayMobile/abseil-cpp",
      "state" : {
        "branch" : "ebay/release",
        "revision" : "5f092d7a2819d9491060111c769b4a1b351adeac"
      }
    },
    {
      "identity" : "libyuv",
      "kind" : "remoteSourceControl",
      "location" : "git@github.corp.ebay.com:ebayMobile/libyuv.git",
      "state" : {
        "branch" : "ebay/release",
        "revision" : "f2971a3dcd31a37179032af054b9d3fa06387466"
      }
    }
  ],
  "version" : 2
}
