{
  "pins" : [
    {
      "identity" : "abseil-cpp",
      "kind" : "remoteSourceControl",
      "location" : "git@github.corp.ebay.com:eBayMobile/abseil-cpp",
      "state" : {
        "branch" : "ebay/release",
        "revision" : "11950a1e8a0f93af36d17dbbfc48f6a1eee91630"
      }
    },
    {
      "identity" : "boringssl",
      "kind" : "remoteSourceControl",
      "location" : "git@github.corp.ebay.com:eBayMobile/boringssl",
      "state" : {
        "branch" : "ebay/release",
        "revision" : "ee465e24a73165ae3f1de342c0a612de29d6d3a7"
      }
    },
    {
      "identity" : "crc32c",
      "kind" : "remoteSourceControl",
      "location" : "git@github.corp.ebay.com:eBayMobile/crc32c",
      "state" : {
        "branch" : "ebay/release",
        "revision" : "2d7edcc1dd87814f43699e7cb55273465b341aac"
      }
    },
    {
      "identity" : "jsoncpp",
      "kind" : "remoteSourceControl",
      "location" : "git@github.corp.ebay.com:eBayMobile/jsoncpp.git",
      "state" : {
        "branch" : "ebay/release",
        "revision" : "0b28600ee594cc53f31ea13befd0abd93dc4ee07"
      }
    },
    {
      "identity" : "libopus",
      "kind" : "remoteSourceControl",
      "location" : "git@github.corp.ebay.com:eBayMobile/libopus",
      "state" : {
        "branch" : "ebay/release",
        "revision" : "47778cce81d0c411853631218b926de1ff2b7676"
      }
    },
    {
      "identity" : "libsrtp",
      "kind" : "remoteSourceControl",
      "location" : "git@github.corp.ebay.com:eBayMobile/libsrtp",
      "state" : {
        "branch" : "ebay/release",
        "revision" : "17d017c1643ae7c2abe2b293ecedb954d6530255"
      }
    },
    {
      "identity" : "libvpx",
      "kind" : "remoteSourceControl",
      "location" : "git@github.corp.ebay.com:eBayMobile/libvpx",
      "state" : {
        "branch" : "ebay/release",
        "revision" : "1ecfb77de1e9f94e37690bb2713271a13e230cef"
      }
    },
    {
      "identity" : "libyuv",
      "kind" : "remoteSourceControl",
      "location" : "git@github.corp.ebay.com:eBayMobile/libyuv",
      "state" : {
        "branch" : "ebay/release",
        "revision" : "60f237b6628e36c5931e7468187bad17eaf79915"
      }
    },
    {
      "identity" : "protobuf",
      "kind" : "remoteSourceControl",
      "location" : "git@github.corp.ebay.com:eBayMobile/protobuf.git",
      "state" : {
        "branch" : "ebay/release",
        "revision" : "6616a4d4deab252105af25cb07021617c36acae6"
      }
    },
    {
      "identity" : "rnnoise",
      "kind" : "remoteSourceControl",
      "location" : "git@github.corp.ebay.com:eBayMobile/rnnoise",
      "state" : {
        "branch" : "ebay/release",
        "revision" : "622f1d247b5c723c3197a758f447890dc7df068b"
      }
    },
    {
      "identity" : "utf8_range",
      "kind" : "remoteSourceControl",
      "location" : "git@github.corp.ebay.com:eBayMobile/utf8_range.git",
      "state" : {
        "branch" : "ebay/release",
        "revision" : "cbb1ffdb24daf78b9aa84075728b6e291fc95b8a"
      }
    }
  ],
  "version" : 2
}
